Microsoft Visual Studio Solution File, Format Version 12.00
# Visual Studio 2012
Project("{FAE04EC0-301F-11D3-BF4B-00C04F79EFBC}") = "SeaBoatPaddleGame", "SeaBoatPaddleGame.csproj", "{4D2D77CD-95A3-4BC6-B588-162C7EB4ABE5}"
EndProject
Global
	GlobalSection(SolutionConfigurationPlatforms) = preSolution
	Debug|Any CPU = Debug|Any CPU
	ExportDebug|Any CPU = ExportDebug|Any CPU
	ExportRelease|Any CPU = ExportRelease|Any CPU
	EndGlobalSection
	GlobalSection(ProjectConfigurationPlatforms) = postSolution
		{4D2D77CD-95A3-4BC6-B588-162C7EB4ABE5}.Debug|Any CPU.ActiveCfg = Debug|Any CPU
		{4D2D77CD-95A3-4BC6-B588-162C7EB4ABE5}.Debug|Any CPU.Build.0 = Debug|Any CPU
		{4D2D77CD-95A3-4BC6-B588-162C7EB4ABE5}.ExportDebug|Any CPU.ActiveCfg = ExportDebug|Any CPU
		{4D2D77CD-95A3-4BC6-B588-162C7EB4ABE5}.ExportDebug|Any CPU.Build.0 = ExportDebug|Any CPU
		{4D2D77CD-95A3-4BC6-B588-162C7EB4ABE5}.ExportRelease|Any CPU.ActiveCfg = ExportRelease|Any CPU
		{4D2D77CD-95A3-4BC6-B588-162C7EB4ABE5}.ExportRelease|Any CPU.Build.0 = ExportRelease|Any CPU
	EndGlobalSection
EndGlobal
